
Microsoft Visual Studio Solution File, Format Version 12.00
# Visual Studio 15
VisualStudioVersion = 15.0.27130.2036
MinimumVisualStudioVersion = 10.0.40219.1
Project("{FAE04EC0-301F-11D3-BF4B-00C04F79EFBC}") = "ContactsCrudMvc.Web", "ContactsCrudMvc.Web\ContactsCrudMvc.Web.csproj", "{E3761971-938B-42A9-A99A-60A0CEAC05D9}"
EndProject
Global
	GlobalSection(SolutionConfigurationPlatforms) = preSolution
		Debug|Any CPU = Debug|Any CPU
		Release|Any CPU = Release|Any CPU
	EndGlobalSection
	GlobalSection(ProjectConfigurationPlatforms) = postSolution
		{E3761971-938B-42A9-A99A-60A0CEAC05D9}.Debug|Any CPU.ActiveCfg = Debug|Any CPU
		{E3761971-938B-42A9-A99A-60A0CEAC05D9}.Debug|Any CPU.Build.0 = Debug|Any CPU
		{E3761971-938B-42A9-A99A-60A0CEAC05D9}.Release|Any CPU.ActiveCfg = Release|Any CPU
		{E3761971-938B-42A9-A99A-60A0CEAC05D9}.Release|Any CPU.Build.0 = Release|Any CPU
	EndGlobalSection
	GlobalSection(SolutionProperties) = preSolution
		HideSolutionNode = FALSE
	EndGlobalSection
	GlobalSection(ExtensibilityGlobals) = postSolution
		SolutionGuid = {38459E77-BB4E-4A6C-8092-1D8CEC1EB3BF}
	EndGlobalSection
EndGlobal
